
Microsoft Visual Studio Solution File, Format Version 12.00
# Visual Studio 14
VisualStudioVersion = 14.0.25420.1
MinimumVisualStudioVersion = 10.0.40219.1
Project("{FAE04EC0-301F-11D3-BF4B-00C04F79EFBC}") = "FTrans.SupplierSuccess.Core", "FTrans.SupplierSuccess.Core\FTrans.SupplierSuccess.Core.csproj", "{B3FC88C2-7692-475E-AB07-B3F98169779D}"
EndProject
Project("{2150E333-8FDC-42A3-9474-1A3956D46DE8}") = "Core", "Core", "{D6487EED-A813-41D6-96FC-24ED442BCACB}"
EndProject
Project("{FAE04EC0-301F-11D3-BF4B-00C04F79EFBC}") = "FTrans.SupplierSuccess.Resources", "FTrans.SupplierSuccess.Resources\FTrans.SupplierSuccess.Resources.csproj", "{4221C1BC-318D-48B2-AA77-049F00968D2B}"
EndProject
Project("{FAE04EC0-301F-11D3-BF4B-00C04F79EFBC}") = "FTrans.SupplierSuccess.Utilities", "FTrans.SupplierSucess.Utilities\FTrans.SupplierSuccess.Utilities.csproj", "{4006EF3F-46ED-405E-BD05-F068C77ED7C9}"
EndProject
Project("{FAE04EC0-301F-11D3-BF4B-00C04F79EFBC}") = "FTrans.SupplierSucess.DataContext", "FTrans.SupplierSucess.DataContext\FTrans.SupplierSucess.DataContext.csproj", "{CE01D2EA-E027-4719-954E-D8124E49BBF9}"
EndProject
Project("{2150E333-8FDC-42A3-9474-1A3956D46DE8}") = "DataAccess", "DataAccess", "{49975942-3D8A-41CE-B4E0-265134AFD83B}"
EndProject
Project("{2150E333-8FDC-42A3-9474-1A3956D46DE8}") = "Domain", "Domain", "{458AC5AE-3194-4E9F-AD9C-A380EC784517}"
EndProject
Project("{FAE04EC0-301F-11D3-BF4B-00C04F79EFBC}") = "FTrans.SupplierSuccess.Domain", "FTrans.SupplierSucess.Domain\FTrans.SupplierSuccess.Domain.csproj", "{5BD850E1-6724-4B1E-8FA7-6F53E88DECED}"
EndProject
Project("{FAE04EC0-301F-11D3-BF4B-00C04F79EFBC}") = "UI", "UI\UI.csproj", "{D9ABC1D7-4AC0-4B68-997D-B84B798E50D9}"
EndProject
Project("{FAE04EC0-301F-11D3-BF4B-00C04F79EFBC}") = "FTrans.SupplierSucess.Tests", "FTrans.SupplierSucess.Tests\FTrans.SupplierSucess.Tests.csproj", "{0BC6A64B-4AF6-4799-9437-C6C7CC29B3FF}"
EndProject
Project("{2150E333-8FDC-42A3-9474-1A3956D46DE8}") = "UnitTest", "UnitTest", "{5FF2D934-816E-415C-B302-361E8E7A2E09}"
EndProject
Project("{2150E333-8FDC-42A3-9474-1A3956D46DE8}") = "ViewModel", "ViewModel", "{889CB6CA-9422-4265-AA0D-6B9A666044CF}"
EndProject
Project("{FAE04EC0-301F-11D3-BF4B-00C04F79EFBC}") = "FTrans.SupplierSuccess.ViewModels", "FTrans.SupplierSucess.ViewModels\FTrans.SupplierSuccess.ViewModels.csproj", "{90C563C9-B2F0-47BB-AAF7-10EF45DAE729}"
EndProject
Project("{00D1A9C2-B5F0-4AF3-8072-F6C62B433612}") = "FTrans.SupplierSucess.Database", "FTrans.SupplierSucess.Database\FTrans.SupplierSucess.Database.sqlproj", "{A4071CC4-28DD-4EE7-AEE7-A5C8657C583E}"
EndProject
Global
	GlobalSection(SolutionConfigurationPlatforms) = preSolution
		Debug|Any CPU = Debug|Any CPU
		Release|Any CPU = Release|Any CPU
	EndGlobalSection
	GlobalSection(ProjectConfigurationPlatforms) = postSolution
		{B3FC88C2-7692-475E-AB07-B3F98169779D}.Debug|Any CPU.ActiveCfg = Debug|Any CPU
		{B3FC88C2-7692-475E-AB07-B3F98169779D}.Debug|Any CPU.Build.0 = Debug|Any CPU
		{B3FC88C2-7692-475E-AB07-B3F98169779D}.Release|Any CPU.ActiveCfg = Release|Any CPU
		{B3FC88C2-7692-475E-AB07-B3F98169779D}.Release|Any CPU.Build.0 = Release|Any CPU
		{4221C1BC-318D-48B2-AA77-049F00968D2B}.Debug|Any CPU.ActiveCfg = Debug|Any CPU
		{4221C1BC-318D-48B2-AA77-049F00968D2B}.Debug|Any CPU.Build.0 = Debug|Any CPU
		{4221C1BC-318D-48B2-AA77-049F00968D2B}.Release|Any CPU.ActiveCfg = Release|Any CPU
		{4221C1BC-318D-48B2-AA77-049F00968D2B}.Release|Any CPU.Build.0 = Release|Any CPU
		{4006EF3F-46ED-405E-BD05-F068C77ED7C9}.Debug|Any CPU.ActiveCfg = Debug|Any CPU
		{4006EF3F-46ED-405E-BD05-F068C77ED7C9}.Debug|Any CPU.Build.0 = Debug|Any CPU
		{4006EF3F-46ED-405E-BD05-F068C77ED7C9}.Release|Any CPU.ActiveCfg = Release|Any CPU
		{4006EF3F-46ED-405E-BD05-F068C77ED7C9}.Release|Any CPU.Build.0 = Release|Any CPU
		{CE01D2EA-E027-4719-954E-D8124E49BBF9}.Debug|Any CPU.ActiveCfg = Debug|Any CPU
		{CE01D2EA-E027-4719-954E-D8124E49BBF9}.Debug|Any CPU.Build.0 = Debug|Any CPU
		{CE01D2EA-E027-4719-954E-D8124E49BBF9}.Release|Any CPU.ActiveCfg = Release|Any CPU
		{CE01D2EA-E027-4719-954E-D8124E49BBF9}.Release|Any CPU.Build.0 = Release|Any CPU
		{5BD850E1-6724-4B1E-8FA7-6F53E88DECED}.Debug|Any CPU.ActiveCfg = Debug|Any CPU
		{5BD850E1-6724-4B1E-8FA7-6F53E88DECED}.Debug|Any CPU.Build.0 = Debug|Any CPU
		{5BD850E1-6724-4B1E-8FA7-6F53E88DECED}.Release|Any CPU.ActiveCfg = Release|Any CPU
		{5BD850E1-6724-4B1E-8FA7-6F53E88DECED}.Release|Any CPU.Build.0 = Release|Any CPU
		{D9ABC1D7-4AC0-4B68-997D-B84B798E50D9}.Debug|Any CPU.ActiveCfg = Debug|Any CPU
		{D9ABC1D7-4AC0-4B68-997D-B84B798E50D9}.Debug|Any CPU.Build.0 = Debug|Any CPU
		{D9ABC1D7-4AC0-4B68-997D-B84B798E50D9}.Release|Any CPU.ActiveCfg = Release|Any CPU
		{D9ABC1D7-4AC0-4B68-997D-B84B798E50D9}.Release|Any CPU.Build.0 = Release|Any CPU
		{0BC6A64B-4AF6-4799-9437-C6C7CC29B3FF}.Debug|Any CPU.ActiveCfg = Debug|Any CPU
		{0BC6A64B-4AF6-4799-9437-C6C7CC29B3FF}.Debug|Any CPU.Build.0 = Debug|Any CPU
		{0BC6A64B-4AF6-4799-9437-C6C7CC29B3FF}.Release|Any CPU.ActiveCfg = Release|Any CPU
		{0BC6A64B-4AF6-4799-9437-C6C7CC29B3FF}.Release|Any CPU.Build.0 = Release|Any CPU
		{90C563C9-B2F0-47BB-AAF7-10EF45DAE729}.Debug|Any CPU.ActiveCfg = Debug|Any CPU
		{90C563C9-B2F0-47BB-AAF7-10EF45DAE729}.Debug|Any CPU.Build.0 = Debug|Any CPU
		{90C563C9-B2F0-47BB-AAF7-10EF45DAE729}.Release|Any CPU.ActiveCfg = Release|Any CPU
		{90C563C9-B2F0-47BB-AAF7-10EF45DAE729}.Release|Any CPU.Build.0 = Release|Any CPU
		{A4071CC4-28DD-4EE7-AEE7-A5C8657C583E}.Debug|Any CPU.ActiveCfg = Debug|Any CPU
		{A4071CC4-28DD-4EE7-AEE7-A5C8657C583E}.Debug|Any CPU.Build.0 = Debug|Any CPU
		{A4071CC4-28DD-4EE7-AEE7-A5C8657C583E}.Debug|Any CPU.Deploy.0 = Debug|Any CPU
		{A4071CC4-28DD-4EE7-AEE7-A5C8657C583E}.Release|Any CPU.ActiveCfg = Release|Any CPU
		{A4071CC4-28DD-4EE7-AEE7-A5C8657C583E}.Release|Any CPU.Build.0 = Release|Any CPU
		{A4071CC4-28DD-4EE7-AEE7-A5C8657C583E}.Release|Any CPU.Deploy.0 = Release|Any CPU
	EndGlobalSection
	GlobalSection(SolutionProperties) = preSolution
		HideSolutionNode = FALSE
	EndGlobalSection
	GlobalSection(NestedProjects) = preSolution
		{B3FC88C2-7692-475E-AB07-B3F98169779D} = {D6487EED-A813-41D6-96FC-24ED442BCACB}
		{4221C1BC-318D-48B2-AA77-049F00968D2B} = {D6487EED-A813-41D6-96FC-24ED442BCACB}
		{4006EF3F-46ED-405E-BD05-F068C77ED7C9} = {D6487EED-A813-41D6-96FC-24ED442BCACB}
		{CE01D2EA-E027-4719-954E-D8124E49BBF9} = {49975942-3D8A-41CE-B4E0-265134AFD83B}
		{5BD850E1-6724-4B1E-8FA7-6F53E88DECED} = {458AC5AE-3194-4E9F-AD9C-A380EC784517}
		{0BC6A64B-4AF6-4799-9437-C6C7CC29B3FF} = {5FF2D934-816E-415C-B302-361E8E7A2E09}
		{90C563C9-B2F0-47BB-AAF7-10EF45DAE729} = {889CB6CA-9422-4265-AA0D-6B9A666044CF}
		{A4071CC4-28DD-4EE7-AEE7-A5C8657C583E} = {49975942-3D8A-41CE-B4E0-265134AFD83B}
	EndGlobalSection
EndGlobal
